
Microsoft Visual Studio Solution File, Format Version 12.00
# Visual Studio Version 17
VisualStudioVersion = 17.6.33723.286
MinimumVisualStudioVersion = 10.0.40219.1
Project("{FAE04EC0-301F-11D3-BF4B-00C04F79EFBC}") = "LINQ_Practices", "LINQ_Practices\LINQ_Practices.csproj", "{1B085524-8965-437C-860B-EA17321F2AD4}"
EndProject
Global
	GlobalSection(SolutionConfigurationPlatforms) = preSolution
		Debug|Any CPU = Debug|Any CPU
		Release|Any CPU = Release|Any CPU
	EndGlobalSection
	GlobalSection(ProjectConfigurationPlatforms) = postSolution
		{1B085524-8965-437C-860B-EA17321F2AD4}.Debug|Any CPU.ActiveCfg = Debug|Any CPU
		{1B085524-8965-437C-860B-EA17321F2AD4}.Debug|Any CPU.Build.0 = Debug|Any CPU
		{1B085524-8965-437C-860B-EA17321F2AD4}.Release|Any CPU.ActiveCfg = Release|Any CPU
		{1B085524-8965-437C-860B-EA17321F2AD4}.Release|Any CPU.Build.0 = Release|Any CPU
	EndGlobalSection
	GlobalSection(SolutionProperties) = preSolution
		HideSolutionNode = FALSE
	EndGlobalSection
	GlobalSection(ExtensibilityGlobals) = postSolution
		SolutionGuid = {BAA6A7CE-9701-4CFA-B314-2199E38AB7E3}
	EndGlobalSection
EndGlobal
